{
  "name": "PF-Grupo-20",
  "lockfileVersion": 3,
  "requires": true,
  "packages": {
    "node_modules/sweetalert2": {
      "version": "11.7.19",
      "resolved": "https://registry.npmjs.org/sweetalert2/-/sweetalert2-11.7.19.tgz",
      "integrity": "sha512-l11Y1EqCM84hcZmmfBE4lzgHUYQnjqLzPxncBPwSkrscZ6MMmnxR6UZEHeak5C5LDUDGnCgbp/YYP2eEfJPwgg==",
      "funding": {
        "type": "individual",
        "url": "https://github.com/sponsors/limonte"
      }
    }
  }
}
